
Microsoft Visual Studio Solution File, Format Version 12.00
# Visual Studio Version 17
VisualStudioVersion = 17.8.34511.84
MinimumVisualStudioVersion = 10.0.40219.1
Project("{FAE04EC0-301F-11D3-BF4B-00C04F79EFBC}") = "AzureFunctionSql", "AzureFunctionSql\AzureFunctionSql.csproj", "{9135CE87-E78A-4349-976E-6876272831D3}"
EndProject
Global
	GlobalSection(SolutionConfigurationPlatforms) = preSolution
		Debug|Any CPU = Debug|Any CPU
		Release|Any CPU = Release|Any CPU
	EndGlobalSection
	GlobalSection(ProjectConfigurationPlatforms) = postSolution
		{9135CE87-E78A-4349-976E-6876272831D3}.Debug|Any CPU.ActiveCfg = Debug|Any CPU
		{9135CE87-E78A-4349-976E-6876272831D3}.Debug|Any CPU.Build.0 = Debug|Any CPU
		{9135CE87-E78A-4349-976E-6876272831D3}.Release|Any CPU.ActiveCfg = Release|Any CPU
		{9135CE87-E78A-4349-976E-6876272831D3}.Release|Any CPU.Build.0 = Release|Any CPU
	EndGlobalSection
	GlobalSection(SolutionProperties) = preSolution
		HideSolutionNode = FALSE
	EndGlobalSection
	GlobalSection(ExtensibilityGlobals) = postSolution
		SolutionGuid = {1DA180BF-2342-44B8-9B0D-C6E0B287FF04}
	EndGlobalSection
EndGlobal
